version = 1
requires-python = ">=3.11"

[[package]]
name = "amply"
version = "0.1.6"
source = { registry = "https://pypi.org/simple" }
dependencies = [
    { name = "docutils" },
    { name = "pyparsing" },
]
sdist = { url = "https://files.pythonhosted.org/packages/6a/35/99243f9aed9848f9ab505b201cc09fd86a8d0c8e35aafeee5b830cc4919d/amply-0.1.6.tar.gz", hash = "sha256:61421103ccf8e1066717115fe7917610d831d551c68d31a110876a5b6c78aea4", size = 29153 }
wheels = [
    { url = "https://files.pythonhosted.org/packages/43/b1/5ff785027761a1d29d6fabbad15fe5d9327a38bc2a1eb753f9d467bbbb5d/amply-0.1.6-py3-none-any.whl", hash = "sha256:44c372cf60dbdfda06e80cbf201a28d1e6384485b6a2386ca21160dccd0e82a8", size = 16768 },
]

[[package]]
name = "docutils"
version = "0.22"
source = { registry = "https://pypi.org/simple" }
sdist = { url = "https://files.pythonhosted.org/packages/e9/86/5b41c32ecedcfdb4c77b28b6cb14234f252075f8cdb254531727a35547dd/docutils-0.22.tar.gz", hash = "sha256:ba9d57750e92331ebe7c08a1bbf7a7f8143b86c476acd51528b042216a6aad0f", size = 2277984 }
wheels = [
    { url = "https://files.pythonhosted.org/packages/44/57/8db39bc5f98f042e0153b1de9fb88e1a409a33cda4dd7f723c2ed71e01f6/docutils-0.22-py3-none-any.whl", hash = "sha256:4ed966a0e96a0477d852f7af31bdcb3adc049fbb35ccba358c2ea8a03287615e", size = 630709 },
]

[[package]]
name = "pulp"
version = "2.4"
source = { registry = "https://pypi.org/simple" }
dependencies = [
    { name = "amply" },
]
sdist = { url = "https://files.pythonhosted.org/packages/4d/44/10b21fb51c4b394f8876cbd7831bd1f152c5cec81d70f099250dd30f3704/PuLP-2.4.tar.gz", hash = "sha256:b2aff10989b3692e3a59301a0cb0acddeb25dcea378f8804c86007075eae55b5", size = 1395471 }
wheels = [
    { url = "https://files.pythonhosted.org/packages/14/c4/0eec14a0123209c261de6ff154ef3be5cad3fd557c084f468356662e0585/PuLP-2.4-py3-none-any.whl", hash = "sha256:10aa02198435ad5792b7922737fb66a19a7cb4579d49317e402c8a1e1fc099ed", size = 40575280 },
]

[[package]]
name = "pydfs-lineup-optimizer"
version = "3.6.1"
source = { registry = "https://pypi.org/simple" }
dependencies = [
    { name = "pulp" },
    { name = "pytz" },
]
sdist = { url = "https://files.pythonhosted.org/packages/02/e5/5a203342c690d06d2c92fc4a92edfdc1a98e587014a8bf09e571487e3b49/pydfs-lineup-optimizer-3.6.1.tar.gz", hash = "sha256:8f17cb14ced01b840f22dce78d0ece0cf9f617ec2fa1b9cfb93e8d985c4371ae", size = 36244 }

[[package]]
name = "pyparsing"
version = "3.2.3"
source = { registry = "https://pypi.org/simple" }
sdist = { url = "https://files.pythonhosted.org/packages/bb/22/f1129e69d94ffff626bdb5c835506b3a5b4f3d070f17ea295e12c2c6f60f/pyparsing-3.2.3.tar.gz", hash = "sha256:b9c13f1ab8b3b542f72e28f634bad4de758ab3ce4546e4301970ad6fa77c38be", size = 1088608 }
wheels = [
    { url = "https://files.pythonhosted.org/packages/05/e7/df2285f3d08fee213f2d041540fa4fc9ca6c2d44cf36d3a035bf2a8d2bcc/pyparsing-3.2.3-py3-none-any.whl", hash = "sha256:a749938e02d6fd0b59b356ca504a24982314bb090c383e3cf201c95ef7e2bfcf", size = 111120 },
]

[[package]]
name = "pytz"
version = "2025.2"
source = { registry = "https://pypi.org/simple" }
sdist = { url = "https://files.pythonhosted.org/packages/f8/bf/abbd3cdfb8fbc7fb3d4d38d320f2441b1e7cbe29be4f23797b4a2b5d8aac/pytz-2025.2.tar.gz", hash = "sha256:360b9e3dbb49a209c21ad61809c7fb453643e048b38924c765813546746e81c3", size = 320884 }
wheels = [
    { url = "https://files.pythonhosted.org/packages/81/c4/34e93fe5f5429d7570ec1fa436f1986fb1f00c3e0f43a589fe2bbcd22c3f/pytz-2025.2-py2.py3-none-any.whl", hash = "sha256:5ddf76296dd8c44c26eb8f4b6f35488f3ccbf6fbbd7adee0b7262d43f0ec2f00", size = 509225 },
]

[[package]]
name = "repl-nix-workspace"
version = "0.1.0"
source = { virtual = "." }
dependencies = [
    { name = "pydfs-lineup-optimizer" },
]

[package.metadata]
requires-dist = [{ name = "pydfs-lineup-optimizer", specifier = ">=3.6.1" }]
